
Microsoft Visual Studio Solution File, Format Version 12.00
# Visual Studio Version 17
VisualStudioVersion = 17.11.35327.3
MinimumVisualStudioVersion = 10.0.40219.1
Project("{FAE04EC0-301F-11D3-BF4B-00C04F79EFBC}") = "API", "API\API.csproj", "{87F3C0D0-DF56-4378-AA18-5993DA054487}"
EndProject
Project("{FAE04EC0-301F-11D3-BF4B-00C04F79EFBC}") = "Core", "Core\Core.csproj", "{5614686B-3ADE-4B56-A958-3B2568682954}"
EndProject
Project("{FAE04EC0-301F-11D3-BF4B-00C04F79EFBC}") = "FrontEnd", "FrontEnd\FrontEnd.csproj", "{A3986EDE-2835-415B-BE02-2043FAA304CB}"
EndProject
Global
	GlobalSection(SolutionConfigurationPlatforms) = preSolution
		Debug|Any CPU = Debug|Any CPU
		Release|Any CPU = Release|Any CPU
	EndGlobalSection
	GlobalSection(ProjectConfigurationPlatforms) = postSolution
		{87F3C0D0-DF56-4378-AA18-5993DA054487}.Debug|Any CPU.ActiveCfg = Debug|Any CPU
		{87F3C0D0-DF56-4378-AA18-5993DA054487}.Debug|Any CPU.Build.0 = Debug|Any CPU
		{87F3C0D0-DF56-4378-AA18-5993DA054487}.Release|Any CPU.ActiveCfg = Release|Any CPU
		{87F3C0D0-DF56-4378-AA18-5993DA054487}.Release|Any CPU.Build.0 = Release|Any CPU
		{5614686B-3ADE-4B56-A958-3B2568682954}.Debug|Any CPU.ActiveCfg = Debug|Any CPU
		{5614686B-3ADE-4B56-A958-3B2568682954}.Debug|Any CPU.Build.0 = Debug|Any CPU
		{5614686B-3ADE-4B56-A958-3B2568682954}.Release|Any CPU.ActiveCfg = Release|Any CPU
		{5614686B-3ADE-4B56-A958-3B2568682954}.Release|Any CPU.Build.0 = Release|Any CPU
		{A3986EDE-2835-415B-BE02-2043FAA304CB}.Debug|Any CPU.ActiveCfg = Debug|Any CPU
		{A3986EDE-2835-415B-BE02-2043FAA304CB}.Debug|Any CPU.Build.0 = Debug|Any CPU
		{A3986EDE-2835-415B-BE02-2043FAA304CB}.Release|Any CPU.ActiveCfg = Release|Any CPU
		{A3986EDE-2835-415B-BE02-2043FAA304CB}.Release|Any CPU.Build.0 = Release|Any CPU
	EndGlobalSection
	GlobalSection(SolutionProperties) = preSolution
		HideSolutionNode = FALSE
	EndGlobalSection
	GlobalSection(ExtensibilityGlobals) = postSolution
		SolutionGuid = {5EE97A86-FB73-41FE-9198-ED572782435D}
	EndGlobalSection
EndGlobal
